
Microsoft Visual Studio Solution File, Format Version 12.00
# Visual Studio Version 17
VisualStudioVersion = 17.0.31611.283
MinimumVisualStudioVersion = 10.0.40219.1
Project("{9A19103F-16F7-4668-BE54-9A1E7A4F7556}") = "App_MVVM", "App_MVVM\App_MVVM.csproj", "{306A4F39-99AD-4007-82C2-BE776D0E3865}"
EndProject
Project("{9A19103F-16F7-4668-BE54-9A1E7A4F7556}") = "CollectionViewApp", "CollectionViewApp\CollectionViewApp.csproj", "{E6A9787B-5563-4A53-AB63-4B8555502097}"
EndProject
Project("{9A19103F-16F7-4668-BE54-9A1E7A4F7556}") = "Navigation_MVVM", "Navigation_MVVM\Navigation_MVVM.csproj", "{FC2456A6-D43F-42F6-9851-0A6546697BC7}"
EndProject
Project("{9A19103F-16F7-4668-BE54-9A1E7A4F7556}") = "MAUI_APpActions", "MAUI_APpActions\MAUI_APpActions.csproj", "{2085D76D-72C5-43FE-91D2-E065532DD4A2}"
EndProject
Project("{9A19103F-16F7-4668-BE54-9A1E7A4F7556}") = "DataService", "DataService\DataService.csproj", "{13F7EB50-4795-4412-85D0-8623437A6D49}"
EndProject
Project("{9A19103F-16F7-4668-BE54-9A1E7A4F7556}") = "MAUI_RESTClient", "MAUI_RESTClient\MAUI_RESTClient.csproj", "{EDCABF07-7F23-4620-83F1-E9F585BC21CD}"
EndProject
Project("{9A19103F-16F7-4668-BE54-9A1E7A4F7556}") = "MAUI_OpenBrowser", "MAUI_OpenBrowser\MAUI_OpenBrowser.csproj", "{49BF84A4-AE51-400D-8DA1-AFB23B0CE8F4}"
EndProject
Project("{9A19103F-16F7-4668-BE54-9A1E7A4F7556}") = "MAUI_FilePicker", "MAUI_FilePicker\MAUI_FilePicker.csproj", "{48E31E8C-2B99-4DB2-BB77-D619EA2EBE1A}"
EndProject
Project("{9A19103F-16F7-4668-BE54-9A1E7A4F7556}") = "MAUI_MediaPicker", "MAUI_MediaPicker\MAUI_MediaPicker.csproj", "{94E3545E-9219-4DF3-9B5B-BF7B72A16D56}"
EndProject
Project("{9A19103F-16F7-4668-BE54-9A1E7A4F7556}") = "MAUI_Connetivity", "MAUI_Connetivity\MAUI_Connetivity.csproj", "{108A8537-7DCF-4EE1-97A6-ECDF760D2260}"
EndProject
Project("{9A19103F-16F7-4668-BE54-9A1E7A4F7556}") = "MAUI_Contacts", "MAUI_Contacts\MAUI_Contacts.csproj", "{6A774047-B355-4F33-8C96-5770B380D10F}"
EndProject
Project("{9A19103F-16F7-4668-BE54-9A1E7A4F7556}") = "MAUI_Email", "MAUI_Email\MAUI_Email.csproj", "{14461A3E-39EF-4E4A-9DC0-8C332E16E8D0}"
EndProject
Project("{9A19103F-16F7-4668-BE54-9A1E7A4F7556}") = "MAUI_SMSApp", "MAUI_SMSApp\MAUI_SMSApp.csproj", "{0630C3D1-FDD3-406F-BA91-FEFECA535CC5}"
EndProject
Project("{9A19103F-16F7-4668-BE54-9A1E7A4F7556}") = "MAUI_Custom_Controls", "MAUI_Custom_Controls\MAUI_Custom_Controls.csproj", "{5CC9B5B6-58B0-4272-BFB3-414A9A74D174}"
EndProject
Project("{9A19103F-16F7-4668-BE54-9A1E7A4F7556}") = "MAUI_Custom_List", "MAUI_Custom_List\MAUI_Custom_List.csproj", "{CFF1E8F8-EC87-49A9-A7B5-0A289937DD68}"
EndProject
Project("{9A19103F-16F7-4668-BE54-9A1E7A4F7556}") = "MAUI_Compnents", "MAUI_Compnents\MAUI_Compnents.csproj", "{01D219E0-D969-4302-87EC-6246DD4549D9}"
EndProject
Project("{FAE04EC0-301F-11D3-BF4B-00C04F79EFBC}") = "MauiLib1", "MauiLib1\MauiLib1.csproj", "{497591FA-EE01-49C4-B9E5-88F13835D562}"
EndProject
Project("{9A19103F-16F7-4668-BE54-9A1E7A4F7556}") = "ShoppingList", "ShoppingList\ShoppingList.csproj", "{FC05AF0E-6674-4907-9CF7-FA4C91A80EA9}"
EndProject
Project("{9A19103F-16F7-4668-BE54-9A1E7A4F7556}") = "MAUI_CC", "MAUI_CC\MAUI_CC.csproj", "{861F79A2-1326-491C-AB23-21E5592F4263}"
EndProject
Project("{FAE04EC0-301F-11D3-BF4B-00C04F79EFBC}") = "MAUI_BasicBinding", "MAUI_BasicBinding\MAUI_BasicBinding.csproj", "{CDE2BFCF-8BD9-451D-8258-0941C8E02D40}"
EndProject
Project("{FAE04EC0-301F-11D3-BF4B-00C04F79EFBC}") = "MAUI_StringFormatting", "MAUI_StringFormatting\MAUI_StringFormatting.csproj", "{37B3A9DD-4300-4D93-8B41-601542BEB90F}"
EndProject
Global
	GlobalSection(SolutionConfigurationPlatforms) = preSolution
		Debug|Any CPU = Debug|Any CPU
		Release|Any CPU = Release|Any CPU
	EndGlobalSection
	GlobalSection(ProjectConfigurationPlatforms) = postSolution
		{306A4F39-99AD-4007-82C2-BE776D0E3865}.Debug|Any CPU.ActiveCfg = Debug|Any CPU
		{306A4F39-99AD-4007-82C2-BE776D0E3865}.Debug|Any CPU.Build.0 = Debug|Any CPU
		{306A4F39-99AD-4007-82C2-BE776D0E3865}.Debug|Any CPU.Deploy.0 = Debug|Any CPU
		{306A4F39-99AD-4007-82C2-BE776D0E3865}.Release|Any CPU.ActiveCfg = Release|Any CPU
		{306A4F39-99AD-4007-82C2-BE776D0E3865}.Release|Any CPU.Build.0 = Release|Any CPU
		{306A4F39-99AD-4007-82C2-BE776D0E3865}.Release|Any CPU.Deploy.0 = Release|Any CPU
		{E6A9787B-5563-4A53-AB63-4B8555502097}.Debug|Any CPU.ActiveCfg = Debug|Any CPU
		{E6A9787B-5563-4A53-AB63-4B8555502097}.Debug|Any CPU.Build.0 = Debug|Any CPU
		{E6A9787B-5563-4A53-AB63-4B8555502097}.Debug|Any CPU.Deploy.0 = Debug|Any CPU
		{E6A9787B-5563-4A53-AB63-4B8555502097}.Release|Any CPU.ActiveCfg = Release|Any CPU
		{E6A9787B-5563-4A53-AB63-4B8555502097}.Release|Any CPU.Build.0 = Release|Any CPU
		{E6A9787B-5563-4A53-AB63-4B8555502097}.Release|Any CPU.Deploy.0 = Release|Any CPU
		{FC2456A6-D43F-42F6-9851-0A6546697BC7}.Debug|Any CPU.ActiveCfg = Debug|Any CPU
		{FC2456A6-D43F-42F6-9851-0A6546697BC7}.Debug|Any CPU.Build.0 = Debug|Any CPU
		{FC2456A6-D43F-42F6-9851-0A6546697BC7}.Debug|Any CPU.Deploy.0 = Debug|Any CPU
		{FC2456A6-D43F-42F6-9851-0A6546697BC7}.Release|Any CPU.ActiveCfg = Release|Any CPU
		{FC2456A6-D43F-42F6-9851-0A6546697BC7}.Release|Any CPU.Build.0 = Release|Any CPU
		{FC2456A6-D43F-42F6-9851-0A6546697BC7}.Release|Any CPU.Deploy.0 = Release|Any CPU
		{2085D76D-72C5-43FE-91D2-E065532DD4A2}.Debug|Any CPU.ActiveCfg = Debug|Any CPU
		{2085D76D-72C5-43FE-91D2-E065532DD4A2}.Debug|Any CPU.Build.0 = Debug|Any CPU
		{2085D76D-72C5-43FE-91D2-E065532DD4A2}.Debug|Any CPU.Deploy.0 = Debug|Any CPU
		{2085D76D-72C5-43FE-91D2-E065532DD4A2}.Release|Any CPU.ActiveCfg = Release|Any CPU
		{2085D76D-72C5-43FE-91D2-E065532DD4A2}.Release|Any CPU.Build.0 = Release|Any CPU
		{2085D76D-72C5-43FE-91D2-E065532DD4A2}.Release|Any CPU.Deploy.0 = Release|Any CPU
		{13F7EB50-4795-4412-85D0-8623437A6D49}.Debug|Any CPU.ActiveCfg = Debug|Any CPU
		{13F7EB50-4795-4412-85D0-8623437A6D49}.Debug|Any CPU.Build.0 = Debug|Any CPU
		{13F7EB50-4795-4412-85D0-8623437A6D49}.Release|Any CPU.ActiveCfg = Release|Any CPU
		{13F7EB50-4795-4412-85D0-8623437A6D49}.Release|Any CPU.Build.0 = Release|Any CPU
		{EDCABF07-7F23-4620-83F1-E9F585BC21CD}.Debug|Any CPU.ActiveCfg = Debug|Any CPU
		{EDCABF07-7F23-4620-83F1-E9F585BC21CD}.Debug|Any CPU.Build.0 = Debug|Any CPU
		{EDCABF07-7F23-4620-83F1-E9F585BC21CD}.Debug|Any CPU.Deploy.0 = Debug|Any CPU
		{EDCABF07-7F23-4620-83F1-E9F585BC21CD}.Release|Any CPU.ActiveCfg = Release|Any CPU
		{EDCABF07-7F23-4620-83F1-E9F585BC21CD}.Release|Any CPU.Build.0 = Release|Any CPU
		{EDCABF07-7F23-4620-83F1-E9F585BC21CD}.Release|Any CPU.Deploy.0 = Release|Any CPU
		{49BF84A4-AE51-400D-8DA1-AFB23B0CE8F4}.Debug|Any CPU.ActiveCfg = Debug|Any CPU
		{49BF84A4-AE51-400D-8DA1-AFB23B0CE8F4}.Debug|Any CPU.Build.0 = Debug|Any CPU
		{49BF84A4-AE51-400D-8DA1-AFB23B0CE8F4}.Debug|Any CPU.Deploy.0 = Debug|Any CPU
		{49BF84A4-AE51-400D-8DA1-AFB23B0CE8F4}.Release|Any CPU.ActiveCfg = Release|Any CPU
		{49BF84A4-AE51-400D-8DA1-AFB23B0CE8F4}.Release|Any CPU.Build.0 = Release|Any CPU
		{49BF84A4-AE51-400D-8DA1-AFB23B0CE8F4}.Release|Any CPU.Deploy.0 = Release|Any CPU
		{48E31E8C-2B99-4DB2-BB77-D619EA2EBE1A}.Debug|Any CPU.ActiveCfg = Debug|Any CPU
		{48E31E8C-2B99-4DB2-BB77-D619EA2EBE1A}.Debug|Any CPU.Build.0 = Debug|Any CPU
		{48E31E8C-2B99-4DB2-BB77-D619EA2EBE1A}.Debug|Any CPU.Deploy.0 = Debug|Any CPU
		{48E31E8C-2B99-4DB2-BB77-D619EA2EBE1A}.Release|Any CPU.ActiveCfg = Release|Any CPU
		{48E31E8C-2B99-4DB2-BB77-D619EA2EBE1A}.Release|Any CPU.Build.0 = Release|Any CPU
		{48E31E8C-2B99-4DB2-BB77-D619EA2EBE1A}.Release|Any CPU.Deploy.0 = Release|Any CPU
		{94E3545E-9219-4DF3-9B5B-BF7B72A16D56}.Debug|Any CPU.ActiveCfg = Debug|Any CPU
		{94E3545E-9219-4DF3-9B5B-BF7B72A16D56}.Debug|Any CPU.Build.0 = Debug|Any CPU
		{94E3545E-9219-4DF3-9B5B-BF7B72A16D56}.Debug|Any CPU.Deploy.0 = Debug|Any CPU
		{94E3545E-9219-4DF3-9B5B-BF7B72A16D56}.Release|Any CPU.ActiveCfg = Release|Any CPU
		{94E3545E-9219-4DF3-9B5B-BF7B72A16D56}.Release|Any CPU.Build.0 = Release|Any CPU
		{94E3545E-9219-4DF3-9B5B-BF7B72A16D56}.Release|Any CPU.Deploy.0 = Release|Any CPU
		{108A8537-7DCF-4EE1-97A6-ECDF760D2260}.Debug|Any CPU.ActiveCfg = Debug|Any CPU
		{108A8537-7DCF-4EE1-97A6-ECDF760D2260}.Debug|Any CPU.Build.0 = Debug|Any CPU
		{108A8537-7DCF-4EE1-97A6-ECDF760D2260}.Debug|Any CPU.Deploy.0 = Debug|Any CPU
		{108A8537-7DCF-4EE1-97A6-ECDF760D2260}.Release|Any CPU.ActiveCfg = Release|Any CPU
		{108A8537-7DCF-4EE1-97A6-ECDF760D2260}.Release|Any CPU.Build.0 = Release|Any CPU
		{108A8537-7DCF-4EE1-97A6-ECDF760D2260}.Release|Any CPU.Deploy.0 = Release|Any CPU
		{6A774047-B355-4F33-8C96-5770B380D10F}.Debug|Any CPU.ActiveCfg = Debug|Any CPU
		{6A774047-B355-4F33-8C96-5770B380D10F}.Debug|Any CPU.Build.0 = Debug|Any CPU
		{6A774047-B355-4F33-8C96-5770B380D10F}.Debug|Any CPU.Deploy.0 = Debug|Any CPU
		{6A774047-B355-4F33-8C96-5770B380D10F}.Release|Any CPU.ActiveCfg = Release|Any CPU
		{6A774047-B355-4F33-8C96-5770B380D10F}.Release|Any CPU.Build.0 = Release|Any CPU
		{6A774047-B355-4F33-8C96-5770B380D10F}.Release|Any CPU.Deploy.0 = Release|Any CPU
		{14461A3E-39EF-4E4A-9DC0-8C332E16E8D0}.Debug|Any CPU.ActiveCfg = Debug|Any CPU
		{14461A3E-39EF-4E4A-9DC0-8C332E16E8D0}.Debug|Any CPU.Build.0 = Debug|Any CPU
		{14461A3E-39EF-4E4A-9DC0-8C332E16E8D0}.Debug|Any CPU.Deploy.0 = Debug|Any CPU
		{14461A3E-39EF-4E4A-9DC0-8C332E16E8D0}.Release|Any CPU.ActiveCfg = Release|Any CPU
		{14461A3E-39EF-4E4A-9DC0-8C332E16E8D0}.Release|Any CPU.Build.0 = Release|Any CPU
		{14461A3E-39EF-4E4A-9DC0-8C332E16E8D0}.Release|Any CPU.Deploy.0 = Release|Any CPU
		{0630C3D1-FDD3-406F-BA91-FEFECA535CC5}.Debug|Any CPU.ActiveCfg = Debug|Any CPU
		{0630C3D1-FDD3-406F-BA91-FEFECA535CC5}.Debug|Any CPU.Build.0 = Debug|Any CPU
		{0630C3D1-FDD3-406F-BA91-FEFECA535CC5}.Debug|Any CPU.Deploy.0 = Debug|Any CPU
		{0630C3D1-FDD3-406F-BA91-FEFECA535CC5}.Release|Any CPU.ActiveCfg = Release|Any CPU
		{0630C3D1-FDD3-406F-BA91-FEFECA535CC5}.Release|Any CPU.Build.0 = Release|Any CPU
		{0630C3D1-FDD3-406F-BA91-FEFECA535CC5}.Release|Any CPU.Deploy.0 = Release|Any CPU
		{5CC9B5B6-58B0-4272-BFB3-414A9A74D174}.Debug|Any CPU.ActiveCfg = Debug|Any CPU
		{5CC9B5B6-58B0-4272-BFB3-414A9A74D174}.Debug|Any CPU.Build.0 = Debug|Any CPU
		{5CC9B5B6-58B0-4272-BFB3-414A9A74D174}.Debug|Any CPU.Deploy.0 = Debug|Any CPU
		{5CC9B5B6-58B0-4272-BFB3-414A9A74D174}.Release|Any CPU.ActiveCfg = Release|Any CPU
		{5CC9B5B6-58B0-4272-BFB3-414A9A74D174}.Release|Any CPU.Build.0 = Release|Any CPU
		{5CC9B5B6-58B0-4272-BFB3-414A9A74D174}.Release|Any CPU.Deploy.0 = Release|Any CPU
		{CFF1E8F8-EC87-49A9-A7B5-0A289937DD68}.Debug|Any CPU.ActiveCfg = Debug|Any CPU
		{CFF1E8F8-EC87-49A9-A7B5-0A289937DD68}.Debug|Any CPU.Build.0 = Debug|Any CPU
		{CFF1E8F8-EC87-49A9-A7B5-0A289937DD68}.Debug|Any CPU.Deploy.0 = Debug|Any CPU
		{CFF1E8F8-EC87-49A9-A7B5-0A289937DD68}.Release|Any CPU.ActiveCfg = Release|Any CPU
		{CFF1E8F8-EC87-49A9-A7B5-0A289937DD68}.Release|Any CPU.Build.0 = Release|Any CPU
		{CFF1E8F8-EC87-49A9-A7B5-0A289937DD68}.Release|Any CPU.Deploy.0 = Release|Any CPU
		{01D219E0-D969-4302-87EC-6246DD4549D9}.Debug|Any CPU.ActiveCfg = Debug|Any CPU
		{01D219E0-D969-4302-87EC-6246DD4549D9}.Debug|Any CPU.Build.0 = Debug|Any CPU
		{01D219E0-D969-4302-87EC-6246DD4549D9}.Debug|Any CPU.Deploy.0 = Debug|Any CPU
		{01D219E0-D969-4302-87EC-6246DD4549D9}.Release|Any CPU.ActiveCfg = Release|Any CPU
		{01D219E0-D969-4302-87EC-6246DD4549D9}.Release|Any CPU.Build.0 = Release|Any CPU
		{01D219E0-D969-4302-87EC-6246DD4549D9}.Release|Any CPU.Deploy.0 = Release|Any CPU
		{497591FA-EE01-49C4-B9E5-88F13835D562}.Debug|Any CPU.ActiveCfg = Debug|Any CPU
		{497591FA-EE01-49C4-B9E5-88F13835D562}.Debug|Any CPU.Build.0 = Debug|Any CPU
		{497591FA-EE01-49C4-B9E5-88F13835D562}.Release|Any CPU.ActiveCfg = Release|Any CPU
		{497591FA-EE01-49C4-B9E5-88F13835D562}.Release|Any CPU.Build.0 = Release|Any CPU
		{FC05AF0E-6674-4907-9CF7-FA4C91A80EA9}.Debug|Any CPU.ActiveCfg = Debug|Any CPU
		{FC05AF0E-6674-4907-9CF7-FA4C91A80EA9}.Debug|Any CPU.Build.0 = Debug|Any CPU
		{FC05AF0E-6674-4907-9CF7-FA4C91A80EA9}.Debug|Any CPU.Deploy.0 = Debug|Any CPU
		{FC05AF0E-6674-4907-9CF7-FA4C91A80EA9}.Release|Any CPU.ActiveCfg = Release|Any CPU
		{FC05AF0E-6674-4907-9CF7-FA4C91A80EA9}.Release|Any CPU.Build.0 = Release|Any CPU
		{FC05AF0E-6674-4907-9CF7-FA4C91A80EA9}.Release|Any CPU.Deploy.0 = Release|Any CPU
		{861F79A2-1326-491C-AB23-21E5592F4263}.Debug|Any CPU.ActiveCfg = Debug|Any CPU
		{861F79A2-1326-491C-AB23-21E5592F4263}.Debug|Any CPU.Build.0 = Debug|Any CPU
		{861F79A2-1326-491C-AB23-21E5592F4263}.Debug|Any CPU.Deploy.0 = Debug|Any CPU
		{861F79A2-1326-491C-AB23-21E5592F4263}.Release|Any CPU.ActiveCfg = Release|Any CPU
		{861F79A2-1326-491C-AB23-21E5592F4263}.Release|Any CPU.Build.0 = Release|Any CPU
		{861F79A2-1326-491C-AB23-21E5592F4263}.Release|Any CPU.Deploy.0 = Release|Any CPU
		{CDE2BFCF-8BD9-451D-8258-0941C8E02D40}.Debug|Any CPU.ActiveCfg = Debug|Any CPU
		{CDE2BFCF-8BD9-451D-8258-0941C8E02D40}.Debug|Any CPU.Build.0 = Debug|Any CPU
		{CDE2BFCF-8BD9-451D-8258-0941C8E02D40}.Debug|Any CPU.Deploy.0 = Debug|Any CPU
		{CDE2BFCF-8BD9-451D-8258-0941C8E02D40}.Release|Any CPU.ActiveCfg = Release|Any CPU
		{CDE2BFCF-8BD9-451D-8258-0941C8E02D40}.Release|Any CPU.Build.0 = Release|Any CPU
		{CDE2BFCF-8BD9-451D-8258-0941C8E02D40}.Release|Any CPU.Deploy.0 = Release|Any CPU
		{37B3A9DD-4300-4D93-8B41-601542BEB90F}.Debug|Any CPU.ActiveCfg = Debug|Any CPU
		{37B3A9DD-4300-4D93-8B41-601542BEB90F}.Debug|Any CPU.Build.0 = Debug|Any CPU
		{37B3A9DD-4300-4D93-8B41-601542BEB90F}.Debug|Any CPU.Deploy.0 = Debug|Any CPU
		{37B3A9DD-4300-4D93-8B41-601542BEB90F}.Release|Any CPU.ActiveCfg = Release|Any CPU
		{37B3A9DD-4300-4D93-8B41-601542BEB90F}.Release|Any CPU.Build.0 = Release|Any CPU
		{37B3A9DD-4300-4D93-8B41-601542BEB90F}.Release|Any CPU.Deploy.0 = Release|Any CPU
	EndGlobalSection
	GlobalSection(SolutionProperties) = preSolution
		HideSolutionNode = FALSE
	EndGlobalSection
	GlobalSection(ExtensibilityGlobals) = postSolution
		SolutionGuid = {61F7FB11-1E47-470C-91E2-47F8143E1572}
	EndGlobalSection
EndGlobal
